
Microsoft Visual Studio Solution File, Format Version 12.00
# Visual Studio Version 17
VisualStudioVersion = 17.10.35027.167
MinimumVisualStudioVersion = 10.0.40219.1
Project("{FAE04EC0-301F-11D3-BF4B-00C04F79EFBC}") = "SQL projekt", "SQL projekt.csproj", "{5CFCC5C6-01F1-4780-9DB5-365D6C866DAE}"
EndProject
Global
	GlobalSection(SolutionConfigurationPlatforms) = preSolution
		Debug|Any CPU = Debug|Any CPU
		Release|Any CPU = Release|Any CPU
	EndGlobalSection
	GlobalSection(ProjectConfigurationPlatforms) = postSolution
		{5CFCC5C6-01F1-4780-9DB5-365D6C866DAE}.Debug|Any CPU.ActiveCfg = Debug|Any CPU
		{5CFCC5C6-01F1-4780-9DB5-365D6C866DAE}.Debug|Any CPU.Build.0 = Debug|Any CPU
		{5CFCC5C6-01F1-4780-9DB5-365D6C866DAE}.Release|Any CPU.ActiveCfg = Release|Any CPU
		{5CFCC5C6-01F1-4780-9DB5-365D6C866DAE}.Release|Any CPU.Build.0 = Release|Any CPU
	EndGlobalSection
	GlobalSection(SolutionProperties) = preSolution
		HideSolutionNode = FALSE
	EndGlobalSection
	GlobalSection(ExtensibilityGlobals) = postSolution
		SolutionGuid = {56567FD4-4863-4387-BF48-256DE9A4054C}
	EndGlobalSection
EndGlobal
